
Microsoft Visual Studio Solution File, Format Version 12.00
# Visual Studio 2015
Project("{FAE04EC0-301F-11D3-BF4B-00C04F79EFBC}") = "network_FPS_test.CSharp.Plugins", "network_FPS_test.CSharp.Plugins.csproj", "{EA05B489-D94B-4094-7C3B-F81A3DC72139}"
EndProject
Project("{FAE04EC0-301F-11D3-BF4B-00C04F79EFBC}") = "network_FPS_test.CSharp", "network_FPS_test.CSharp.csproj", "{E8FA1F71-0318-12E7-5685-9DA27D3856C0}"
EndProject
Project("{FAE04EC0-301F-11D3-BF4B-00C04F79EFBC}") = "network_FPS_test.CSharp.Editor.Plugins", "network_FPS_test.CSharp.Editor.Plugins.csproj", "{787A174B-AB81-D593-EE0E-BCFCAAB78BB3}"
EndProject
Global
	GlobalSection(SolutionConfigurationPlatforms) = preSolution
		Debug|Any CPU = Debug|Any CPU
		Release|Any CPU = Release|Any CPU
	EndGlobalSection
	GlobalSection(ProjectConfigurationPlatforms) = postSolution
		{EA05B489-D94B-4094-7C3B-F81A3DC72139}.Debug|Any CPU.ActiveCfg = Debug|Any CPU
		{EA05B489-D94B-4094-7C3B-F81A3DC72139}.Debug|Any CPU.Build.0 = Debug|Any CPU
		{EA05B489-D94B-4094-7C3B-F81A3DC72139}.Release|Any CPU.ActiveCfg = Release|Any CPU
		{EA05B489-D94B-4094-7C3B-F81A3DC72139}.Release|Any CPU.Build.0 = Release|Any CPU
		{E8FA1F71-0318-12E7-5685-9DA27D3856C0}.Debug|Any CPU.ActiveCfg = Debug|Any CPU
		{E8FA1F71-0318-12E7-5685-9DA27D3856C0}.Debug|Any CPU.Build.0 = Debug|Any CPU
		{E8FA1F71-0318-12E7-5685-9DA27D3856C0}.Release|Any CPU.ActiveCfg = Release|Any CPU
		{E8FA1F71-0318-12E7-5685-9DA27D3856C0}.Release|Any CPU.Build.0 = Release|Any CPU
		{787A174B-AB81-D593-EE0E-BCFCAAB78BB3}.Debug|Any CPU.ActiveCfg = Debug|Any CPU
		{787A174B-AB81-D593-EE0E-BCFCAAB78BB3}.Debug|Any CPU.Build.0 = Debug|Any CPU
		{787A174B-AB81-D593-EE0E-BCFCAAB78BB3}.Release|Any CPU.ActiveCfg = Release|Any CPU
		{787A174B-AB81-D593-EE0E-BCFCAAB78BB3}.Release|Any CPU.Build.0 = Release|Any CPU
	EndGlobalSection
	GlobalSection(SolutionProperties) = preSolution
		HideSolutionNode = FALSE
	EndGlobalSection
EndGlobal
